
Microsoft Visual Studio Solution File, Format Version 12.00
# Visual Studio Version 16
VisualStudioVersion = 16.0.30517.126
MinimumVisualStudioVersion = 10.0.40219.1
Project("{FAE04EC0-301F-11D3-BF4B-00C04F79EFBC}") = "BitCoinCalculator", "BitCoinCalculator\BitCoinCalculator.csproj", "{2517ADF3-02DF-450B-B17E-F32D45A3D89E}"
EndProject
Global
	GlobalSection(SolutionConfigurationPlatforms) = preSolution
		Debug|Any CPU = Debug|Any CPU
		Release|Any CPU = Release|Any CPU
	EndGlobalSection
	GlobalSection(ProjectConfigurationPlatforms) = postSolution
		{2517ADF3-02DF-450B-B17E-F32D45A3D89E}.Debug|Any CPU.ActiveCfg = Debug|Any CPU
		{2517ADF3-02DF-450B-B17E-F32D45A3D89E}.Debug|Any CPU.Build.0 = Debug|Any CPU
		{2517ADF3-02DF-450B-B17E-F32D45A3D89E}.Release|Any CPU.ActiveCfg = Release|Any CPU
		{2517ADF3-02DF-450B-B17E-F32D45A3D89E}.Release|Any CPU.Build.0 = Release|Any CPU
	EndGlobalSection
	GlobalSection(SolutionProperties) = preSolution
		HideSolutionNode = FALSE
	EndGlobalSection
	GlobalSection(ExtensibilityGlobals) = postSolution
		SolutionGuid = {6C96A9CF-3DEB-45B0-8FA9-2EBCB54651BC}
	EndGlobalSection
EndGlobal
